// !$*UTF8*$!
{
	archiveVersion = 1;
	classes = {
	};
	objectVersion = 50;
	objects = {

/* Begin PBXBuildFile section */
		03BB09382567F29900063F69 /* AppDelegate.swift in Sources */ = {isa = PBXBuildFile; fileRef = 03BB09372567F29900063F69 /* AppDelegate.swift */; };
		03BB093A2567F29900063F69 /* SceneDelegate.swift in Sources */ = {isa = PBXBuildFile; fileRef = 03BB09392567F29900063F69 /* SceneDelegate.swift */; };
		03BB093C2567F29900063F69 /* ViewController.swift in Sources */ = {isa = PBXBuildFile; fileRef = 03BB093B2567F29900063F69 /* ViewController.swift */; };
		03BB093F2567F29900063F69 /* Main.storyboard in Resources */ = {isa = PBXBuildFile; fileRef = 03BB093D2567F29900063F69 /* Main.storyboard */; };
		03BB09422567F29900063F69 /* Make_it_Great.xcdatamodeld in Sources */ = {isa = PBXBuildFile; fileRef = 03BB09402567F29900063F69 /* Make_it_Great.xcdatamodeld */; };
		03BB09442567F29B00063F69 /* Assets.xcassets in Resources */ = {isa = PBXBuildFile; fileRef = 03BB09432567F29B00063F69 /* Assets.xcassets */; };
		03BB09472567F29B00063F69 /* LaunchScreen.storyboard in Resources */ = {isa = PBXBuildFile; fileRef = 03BB09452567F29B00063F69 /* LaunchScreen.storyboard */; };
		03BB096A256C02A400063F69 /* .gitkeep in Resources */ = {isa = PBXBuildFile; fileRef = 03BB0969256C02A400063F69 /* .gitkeep */; };
		DEBBFA20256D3ABF004669A1 /* Activity.swift in Sources */ = {isa = PBXBuildFile; fileRef = DEBBFA1F256D3ABF004669A1 /* Activity.swift */; };
/* End PBXBuildFile section */

/* Begin PBXFileReference section */
		03BB09342567F29900063F69 /* Make it Great.app */ = {isa = PBXFileReference; explicitFileType = wrapper.application; includeInIndex = 0; path = "Make it Great.app"; sourceTree = BUILT_PRODUCTS_DIR; };
		03BB09372567F29900063F69 /* AppDelegate.swift */ = {isa = PBXFileReference; lastKnownFileType = sourcecode.swift; path = AppDelegate.swift; sourceTree = "<group>"; };
		03BB09392567F29900063F69 /* SceneDelegate.swift */ = {isa = PBXFileReference; lastKnownFileType = sourcecode.swift; path = SceneDelegate.swift; sourceTree = "<group>"; };
		03BB093B2567F29900063F69 /* ViewController.swift */ = {isa = PBXFileReference; lastKnownFileType = sourcecode.swift; path = ViewController.swift; sourceTree = "<group>"; };
		03BB093E2567F29900063F69 /* Base */ = {isa = PBXFileReference; lastKnownFileType = file.storyboard; name = Base; path = Base.lproj/Main.storyboard; sourceTree = "<group>"; };
		03BB09412567F29900063F69 /* Make_it_Great.xcdatamodel */ = {isa = PBXFileReference; lastKnownFileType = wrapper.xcdatamodel; path = Make_it_Great.xcdatamodel; sourceTree = "<group>"; };
		03BB09432567F29B00063F69 /* Assets.xcassets */ = {isa = PBXFileReference; lastKnownFileType = folder.assetcatalog; path = Assets.xcassets; sourceTree = "<group>"; };
		03BB09462567F29B00063F69 /* Base */ = {isa = PBXFileReference; lastKnownFileType = file.storyboard; name = Base; path = Base.lproj/LaunchScreen.storyboard; sourceTree = "<group>"; };
		03BB09482567F29B00063F69 /* Info.plist */ = {isa = PBXFileReference; lastKnownFileType = text.plist.xml; path = Info.plist; sourceTree = "<group>"; };
		03BB0969256C02A400063F69 /* .gitkeep */ = {isa = PBXFileReference; lastKnownFileType = text; path = .gitkeep; sourceTree = "<group>"; };
		03BB096D256C03A000063F69 /* .gitkeep */ = {isa = PBXFileReference; lastKnownFileType = text; path = .gitkeep; sourceTree = "<group>"; };
		03BB096E256C03A100063F69 /* .gitkeep */ = {isa = PBXFileReference; lastKnownFileType = text; path = .gitkeep; sourceTree = "<group>"; };
		03BB096F256C03A300063F69 /* .gitkeep */ = {isa = PBXFileReference; lastKnownFileType = text; path = .gitkeep; sourceTree = "<group>"; };
		03BB0970256C03A800063F69 /* .gitkeep */ = {isa = PBXFileReference; lastKnownFileType = text; path = .gitkeep; sourceTree = "<group>"; };
		03BB0971256C03A900063F69 /* .gitkeep */ = {isa = PBXFileReference; lastKnownFileType = text; path = .gitkeep; sourceTree = "<group>"; };
		DEBBFA1F256D3ABF004669A1 /* Activity.swift */ = {isa = PBXFileReference; lastKnownFileType = sourcecode.swift; path = Activity.swift; sourceTree = "<group>"; };
/* End PBXFileReference section */

/* Begin PBXFrameworksBuildPhase section */
		03BB09312567F29900063F69 /* Frameworks */ = {
			isa = PBXFrameworksBuildPhase;
			buildActionMask = 2147483647;
			files = (
			);
			runOnlyForDeploymentPostprocessing = 0;
		};
/* End PBXFrameworksBuildPhase section */

/* Begin PBXGroup section */
		03BB092B2567F29900063F69 = {
			isa = PBXGroup;
			children = (
				03BB09362567F29900063F69 /* Make it Great */,
				03BB09352567F29900063F69 /* Products */,
			);
			sourceTree = "<group>";
		};
		03BB09352567F29900063F69 /* Products */ = {
			isa = PBXGroup;
			children = (
				03BB09342567F29900063F69 /* Make it Great.app */,
			);
			name = Products;
			sourceTree = "<group>";
		};
		03BB09362567F29900063F69 /* Make it Great */ = {
			isa = PBXGroup;
			children = (
				03BB0960256C017200063F69 /* Protocols */,
				03BB095F256C016900063F69 /* Extensions */,
				03BB095E256C015B00063F69 /* Persistence */,
				03BB095D256C013E00063F69 /* View */,
				03BB095C256C013500063F69 /* Presenter */,
				03BB095B256C012B00063F69 /* Model */,
				03BB09372567F29900063F69 /* AppDelegate.swift */,
				03BB09392567F29900063F69 /* SceneDelegate.swift */,
				03BB09452567F29B00063F69 /* LaunchScreen.storyboard */,
				03BB09432567F29B00063F69 /* Assets.xcassets */,
				03BB09482567F29B00063F69 /* Info.plist */,
				03BB09402567F29900063F69 /* Make_it_Great.xcdatamodeld */,
			);
			path = "Make it Great";
			sourceTree = "<group>";
		};
		03BB095B256C012B00063F69 /* Model */ = {
			isa = PBXGroup;
			children = (
				03BB0971256C03A900063F69 /* .gitkeep */,
				DEBBFA1F256D3ABF004669A1 /* Activity.swift */,
			);
			path = Model;
			sourceTree = "<group>";
		};
		03BB095C256C013500063F69 /* Presenter */ = {
			isa = PBXGroup;
			children = (
				03BB0970256C03A800063F69 /* .gitkeep */,
			);
			path = Presenter;
			sourceTree = "<group>";
		};
		03BB095D256C013E00063F69 /* View */ = {
			isa = PBXGroup;
			children = (
				03BB093B2567F29900063F69 /* ViewController.swift */,
				03BB093D2567F29900063F69 /* Main.storyboard */,
				03BB0962256C01BE00063F69 /* Components */,
			);
			path = View;
			sourceTree = "<group>";
		};
		03BB095E256C015B00063F69 /* Persistence */ = {
			isa = PBXGroup;
			children = (
				03BB096E256C03A100063F69 /* .gitkeep */,
			);
			path = Persistence;
			sourceTree = "<group>";
		};
		03BB095F256C016900063F69 /* Extensions */ = {
			isa = PBXGroup;
			children = (
				03BB096D256C03A000063F69 /* .gitkeep */,
			);
			path = Extensions;
			sourceTree = "<group>";
		};
		03BB0960256C017200063F69 /* Protocols */ = {
			isa = PBXGroup;
			children = (
				03BB0969256C02A400063F69 /* .gitkeep */,
			);
			path = Protocols;
			sourceTree = "<group>";
		};
		03BB0962256C01BE00063F69 /* Components */ = {
			isa = PBXGroup;
			children = (
				03BB096F256C03A300063F69 /* .gitkeep */,
			);
			path = Components;
			sourceTree = "<group>";
		};
/* End PBXGroup section */

/* Begin PBXNativeTarget section */
		03BB09332567F29900063F69 /* Make it Great */ = {
			isa = PBXNativeTarget;
			buildConfigurationList = 03BB094B2567F29B00063F69 /* Build configuration list for PBXNativeTarget "Make it Great" */;
			buildPhases = (
				03BB09302567F29900063F69 /* Sources */,
				03BB09312567F29900063F69 /* Frameworks */,
				03BB09322567F29900063F69 /* Resources */,
				03BB09542567F8EA00063F69 /* Swift lint */,
				03BB09572567FCEB00063F69 /* ShellScript */,
			);
			buildRules = (
			);
			dependencies = (
			);
			name = "Make it Great";
			productName = "Make it Great";
			productReference = 03BB09342567F29900063F69 /* Make it Great.app */;
			productType = "com.apple.product-type.application";
		};
/* End PBXNativeTarget section */

/* Begin PBXProject section */
		03BB092C2567F29900063F69 /* Project object */ = {
			isa = PBXProject;
			attributes = {
				LastSwiftUpdateCheck = 1220;
				LastUpgradeCheck = 1220;
				TargetAttributes = {
					03BB09332567F29900063F69 = {
						CreatedOnToolsVersion = 12.2;
					};
				};
			};
			buildConfigurationList = 03BB092F2567F29900063F69 /* Build configuration list for PBXProject "Make it Great" */;
			compatibilityVersion = "Xcode 9.3";
			developmentRegion = en;
			hasScannedForEncodings = 0;
			knownRegions = (
				en,
				Base,
			);
			mainGroup = 03BB092B2567F29900063F69;
			productRefGroup = 03BB09352567F29900063F69 /* Products */;
			projectDirPath = "";
			projectRoot = "";
			targets = (
				03BB09332567F29900063F69 /* Make it Great */,
			);
		};
/* End PBXProject section */

/* Begin PBXResourcesBuildPhase section */
		03BB09322567F29900063F69 /* Resources */ = {
			isa = PBXResourcesBuildPhase;
			buildActionMask = 2147483647;
			files = (
				03BB09472567F29B00063F69 /* LaunchScreen.storyboard in Resources */,
				03BB09442567F29B00063F69 /* Assets.xcassets in Resources */,
				03BB093F2567F29900063F69 /* Main.storyboard in Resources */,
				03BB096A256C02A400063F69 /* .gitkeep in Resources */,
			);
			runOnlyForDeploymentPostprocessing = 0;
		};
/* End PBXResourcesBuildPhase section */

/* Begin PBXShellScriptBuildPhase section */
		03BB09542567F8EA00063F69 /* Swift lint */ = {
			isa = PBXShellScriptBuildPhase;
			buildActionMask = 2147483647;
			files = (
			);
			inputFileListPaths = (
			);
			inputPaths = (
			);
			name = "Swift lint";
			outputFileListPaths = (
			);
			outputPaths = (
			);
			runOnlyForDeploymentPostprocessing = 0;
			shellPath = /bin/sh;
			shellScript = "# Type a script or drag a script file from your workspace to insert its path.\nif [ \"${CONFIGURATION}\" = \"Debug\" ]; then\nif which swiftlint >/dev/null; then\nswiftlint --config \"$SRCROOT/.swiftlint.yml\"\nelse\necho \"warning: SwiftLint not installed, download from https://github.com/realm/SwiftLint\"\nfi\nfi\n";
		};
		03BB09572567FCEB00063F69 /* ShellScript */ = {
			isa = PBXShellScriptBuildPhase;
			buildActionMask = 2147483647;
			files = (
			);
			inputFileListPaths = (
			);
			inputPaths = (
			);
			outputFileListPaths = (
			);
			outputPaths = (
			);
			runOnlyForDeploymentPostprocessing = 0;
			shellPath = /bin/sh;
			shellScript = "# Type a script or drag a script file from your workspace to insert its path.\n#!/bin/bash\n\nset -e\n\ndefaults write com.apple.dt.Xcode DVTTextEditorTrimTrailingWhitespace -bool YES\ndefaults write com.apple.dt.Xcode DVTTextEditorTrimWhitespaceOnlyLines -bool YES\n\ndefaults write com.apple.dt.Xcode DVTTextIndentTabWidth -int 2\ndefaults write com.apple.dt.Xcode DVTTextIndentWidth -int 2\n\ndefaults write com.apple.dt.Xcode DVTTextPageGuideLocation -int 100\n";
		};
/* End PBXShellScriptBuildPhase section */

/* Begin PBXSourcesBuildPhase section */
		03BB09302567F29900063F69 /* Sources */ = {
			isa = PBXSourcesBuildPhase;
			buildActionMask = 2147483647;
			files = (
				DEBBFA20256D3ABF004669A1 /* Activity.swift in Sources */,
				03BB093C2567F29900063F69 /* ViewController.swift in Sources */,
				03BB09382567F29900063F69 /* AppDelegate.swift in Sources */,
				03BB09422567F29900063F69 /* Make_it_Great.xcdatamodeld in Sources */,
				03BB093A2567F29900063F69 /* SceneDelegate.swift in Sources */,
			);
			runOnlyForDeploymentPostprocessing = 0;
		};
/* End PBXSourcesBuildPhase section */

/* Begin PBXVariantGroup section */
		03BB093D2567F29900063F69 /* Main.storyboard */ = {
			isa = PBXVariantGroup;
			children = (
				03BB093E2567F29900063F69 /* Base */,
			);
			name = Main.storyboard;
			sourceTree = "<group>";
		};
		03BB09452567F29B00063F69 /* LaunchScreen.storyboard */ = {
			isa = PBXVariantGroup;
			children = (
				03BB09462567F29B00063F69 /* Base */,
			);
			name = LaunchScreen.storyboard;
			sourceTree = "<group>";
		};
/* End PBXVariantGroup section */

/* Begin XCBuildConfiguration section */
		03BB09492567F29B00063F69 /* Debug */ = {
			isa = XCBuildConfiguration;
			buildSettings = {
				ALWAYS_SEARCH_USER_PATHS = NO;
				CLANG_ANALYZER_NONNULL = YES;
				CLANG_ANALYZER_NUMBER_OBJECT_CONVERSION = YES_AGGRESSIVE;
				CLANG_CXX_LANGUAGE_STANDARD = "gnu++14";
				CLANG_CXX_LIBRARY = "libc++";
				CLANG_ENABLE_MODULES = YES;
				CLANG_ENABLE_OBJC_ARC = YES;
				CLANG_ENABLE_OBJC_WEAK = YES;
				CLANG_WARN_BLOCK_CAPTURE_AUTORELEASING = YES;
				CLANG_WARN_BOOL_CONVERSION = YES;
				CLANG_WARN_COMMA = YES;
				CLANG_WARN_CONSTANT_CONVERSION = YES;
				CLANG_WARN_DEPRECATED_OBJC_IMPLEMENTATIONS = YES;
				CLANG_WARN_DIRECT_OBJC_ISA_USAGE = YES_ERROR;
				CLANG_WARN_DOCUMENTATION_COMMENTS = YES;
				CLANG_WARN_EMPTY_BODY = YES;
				CLANG_WARN_ENUM_CONVERSION = YES;
				CLANG_WARN_INFINITE_RECURSION = YES;
				CLANG_WARN_INT_CONVERSION = YES;
				CLANG_WARN_NON_LITERAL_NULL_CONVERSION = YES;
				CLANG_WARN_OBJC_IMPLICIT_RETAIN_SELF = YES;
				CLANG_WARN_OBJC_LITERAL_CONVERSION = YES;
				CLANG_WARN_OBJC_ROOT_CLASS = YES_ERROR;
				CLANG_WARN_QUOTED_INCLUDE_IN_FRAMEWORK_HEADER = YES;
				CLANG_WARN_RANGE_LOOP_ANALYSIS = YES;
				CLANG_WARN_STRICT_PROTOTYPES = YES;
				CLANG_WARN_SUSPICIOUS_MOVE = YES;
				CLANG_WARN_UNGUARDED_AVAILABILITY = YES_AGGRESSIVE;
				CLANG_WARN_UNREACHABLE_CODE = YES;
				CLANG_WARN__DUPLICATE_METHOD_MATCH = YES;
				COPY_PHASE_STRIP = NO;
				DEBUG_INFORMATION_FORMAT = dwarf;
				ENABLE_STRICT_OBJC_MSGSEND = YES;
				ENABLE_TESTABILITY = YES;
				GCC_C_LANGUAGE_STANDARD = gnu11;
				GCC_DYNAMIC_NO_PIC = NO;
				GCC_NO_COMMON_BLOCKS = YES;
				GCC_OPTIMIZATION_LEVEL = 0;
				GCC_PREPROCESSOR_DEFINITIONS = (
					"DEBUG=1",
					"$(inherited)",
				);
				GCC_WARN_64_TO_32_BIT_CONVERSION = YES;
				GCC_WARN_ABOUT_RETURN_TYPE = YES_ERROR;
				GCC_WARN_UNDECLARED_SELECTOR = YES;
				GCC_WARN_UNINITIALIZED_AUTOS = YES_AGGRESSIVE;
				GCC_WARN_UNUSED_FUNCTION = YES;
				GCC_WARN_UNUSED_VARIABLE = YES;
				IPHONEOS_DEPLOYMENT_TARGET = 14.2;
				MTL_ENABLE_DEBUG_INFO = INCLUDE_SOURCE;
				MTL_FAST_MATH = YES;
				ONLY_ACTIVE_ARCH = YES;
				SDKROOT = iphoneos;
				SWIFT_ACTIVE_COMPILATION_CONDITIONS = DEBUG;
				SWIFT_OPTIMIZATION_LEVEL = "-Onone";
			};
			name = Debug;
		};
		03BB094A2567F29B00063F69 /* Release */ = {
			isa = XCBuildConfiguration;
			buildSettings = {
				ALWAYS_SEARCH_USER_PATHS = NO;
				CLANG_ANALYZER_NONNULL = YES;
				CLANG_ANALYZER_NUMBER_OBJECT_CONVERSION = YES_AGGRESSIVE;
				CLANG_CXX_LANGUAGE_STANDARD = "gnu++14";
				CLANG_CXX_LIBRARY = "libc++";
				CLANG_ENABLE_MODULES = YES;
				CLANG_ENABLE_OBJC_ARC = YES;
				CLANG_ENABLE_OBJC_WEAK = YES;
				CLANG_WARN_BLOCK_CAPTURE_AUTORELEASING = YES;
				CLANG_WARN_BOOL_CONVERSION = YES;
				CLANG_WARN_COMMA = YES;
				CLANG_WARN_CONSTANT_CONVERSION = YES;
				CLANG_WARN_DEPRECATED_OBJC_IMPLEMENTATIONS = YES;
				CLANG_WARN_DIRECT_OBJC_ISA_USAGE = YES_ERROR;
				CLANG_WARN_DOCUMENTATION_COMMENTS = YES;
				CLANG_WARN_EMPTY_BODY = YES;
				CLANG_WARN_ENUM_CONVERSION = YES;
				CLANG_WARN_INFINITE_RECURSION = YES;
				CLANG_WARN_INT_CONVERSION = YES;
				CLANG_WARN_NON_LITERAL_NULL_CONVERSION = YES;
				CLANG_WARN_OBJC_IMPLICIT_RETAIN_SELF = YES;
				CLANG_WARN_OBJC_LITERAL_CONVERSION = YES;
				CLANG_WARN_OBJC_ROOT_CLASS = YES_ERROR;
				CLANG_WARN_QUOTED_INCLUDE_IN_FRAMEWORK_HEADER = YES;
				CLANG_WARN_RANGE_LOOP_ANALYSIS = YES;
				CLANG_WARN_STRICT_PROTOTYPES = YES;
				CLANG_WARN_SUSPICIOUS_MOVE = YES;
				CLANG_WARN_UNGUARDED_AVAILABILITY = YES_AGGRESSIVE;
				CLANG_WARN_UNREACHABLE_CODE = YES;
				CLANG_WARN__DUPLICATE_METHOD_MATCH = YES;
				COPY_PHASE_STRIP = NO;
				DEBUG_INFORMATION_FORMAT = "dwarf-with-dsym";
				ENABLE_NS_ASSERTIONS = NO;
				ENABLE_STRICT_OBJC_MSGSEND = YES;
				GCC_C_LANGUAGE_STANDARD = gnu11;
				GCC_NO_COMMON_BLOCKS = YES;
				GCC_WARN_64_TO_32_BIT_CONVERSION = YES;
				GCC_WARN_ABOUT_RETURN_TYPE = YES_ERROR;
				GCC_WARN_UNDECLARED_SELECTOR = YES;
				GCC_WARN_UNINITIALIZED_AUTOS = YES_AGGRESSIVE;
				GCC_WARN_UNUSED_FUNCTION = YES;
				GCC_WARN_UNUSED_VARIABLE = YES;
				IPHONEOS_DEPLOYMENT_TARGET = 14.2;
				MTL_ENABLE_DEBUG_INFO = NO;
				MTL_FAST_MATH = YES;
				SDKROOT = iphoneos;
				SWIFT_COMPILATION_MODE = wholemodule;
				SWIFT_OPTIMIZATION_LEVEL = "-O";
				VALIDATE_PRODUCT = YES;
			};
			name = Release;
		};
		03BB094C2567F29B00063F69 /* Debug */ = {
			isa = XCBuildConfiguration;
			buildSettings = {
				ASSETCATALOG_COMPILER_APPICON_NAME = AppIcon;
				ASSETCATALOG_COMPILER_GLOBAL_ACCENT_COLOR_NAME = AccentColor;
				CODE_SIGN_STYLE = Automatic;
				DEVELOPMENT_TEAM = 62NRBAKMQ3;
				INFOPLIST_FILE = "Make it Great/Info.plist";
				LD_RUNPATH_SEARCH_PATHS = (
					"$(inherited)",
					"@executable_path/Frameworks",
				);
				PRODUCT_BUNDLE_IDENTIFIER = "Apple-academy.Make-it-Great";
				PRODUCT_NAME = "$(TARGET_NAME)";
				SWIFT_VERSION = 5.0;
				TARGETED_DEVICE_FAMILY = "1,2";
			};
			name = Debug;
		};
		03BB094D2567F29B00063F69 /* Release */ = {
			isa = XCBuildConfiguration;
			buildSettings = {
				ASSETCATALOG_COMPILER_APPICON_NAME = AppIcon;
				ASSETCATALOG_COMPILER_GLOBAL_ACCENT_COLOR_NAME = AccentColor;
				CODE_SIGN_STYLE = Automatic;
				DEVELOPMENT_TEAM = 62NRBAKMQ3;
				INFOPLIST_FILE = "Make it Great/Info.plist";
				LD_RUNPATH_SEARCH_PATHS = (
					"$(inherited)",
					"@executable_path/Frameworks",
				);
				PRODUCT_BUNDLE_IDENTIFIER = "Apple-academy.Make-it-Great";
				PRODUCT_NAME = "$(TARGET_NAME)";
				SWIFT_VERSION = 5.0;
				TARGETED_DEVICE_FAMILY = "1,2";
			};
			name = Release;
		};
/* End XCBuildConfiguration section */

/* Begin XCConfigurationList section */
		03BB092F2567F29900063F69 /* Build configuration list for PBXProject "Make it Great" */ = {
			isa = XCConfigurationList;
			buildConfigurations = (
				03BB09492567F29B00063F69 /* Debug */,
				03BB094A2567F29B00063F69 /* Release */,
			);
			defaultConfigurationIsVisible = 0;
			defaultConfigurationName = Release;
		};
		03BB094B2567F29B00063F69 /* Build configuration list for PBXNativeTarget "Make it Great" */ = {
			isa = XCConfigurationList;
			buildConfigurations = (
				03BB094C2567F29B00063F69 /* Debug */,
				03BB094D2567F29B00063F69 /* Release */,
			);
			defaultConfigurationIsVisible = 0;
			defaultConfigurationName = Release;
		};
/* End XCConfigurationList section */

/* Begin XCVersionGroup section */
		03BB09402567F29900063F69 /* Make_it_Great.xcdatamodeld */ = {
			isa = XCVersionGroup;
			children = (
				03BB09412567F29900063F69 /* Make_it_Great.xcdatamodel */,
			);
			currentVersion = 03BB09412567F29900063F69 /* Make_it_Great.xcdatamodel */;
			path = Make_it_Great.xcdatamodeld;
			sourceTree = "<group>";
			versionGroupType = wrapper.xcdatamodel;
		};
/* End XCVersionGroup section */
	};
	rootObject = 03BB092C2567F29900063F69 /* Project object */;
}
