// !$*UTF8*$!
{
	archiveVersion = 1;
	classes = {
	};
	objectVersion = 52;
	objects = {

/* Begin PBXBuildFile section */
		032292B325752CA9009B29A8 /* Date.swift in Sources */ = {isa = PBXBuildFile; fileRef = 032292B225752CA9009B29A8 /* Date.swift */; };
		03BB09382567F29900063F69 /* AppDelegate.swift in Sources */ = {isa = PBXBuildFile; fileRef = 03BB09372567F29900063F69 /* AppDelegate.swift */; };
		03BB093A2567F29900063F69 /* SceneDelegate.swift in Sources */ = {isa = PBXBuildFile; fileRef = 03BB09392567F29900063F69 /* SceneDelegate.swift */; };
		03BB09422567F29900063F69 /* Make_it_Great.xcdatamodeld in Sources */ = {isa = PBXBuildFile; fileRef = 03BB09402567F29900063F69 /* Make_it_Great.xcdatamodeld */; };
		03BB09472567F29B00063F69 /* LaunchScreen.storyboard in Resources */ = {isa = PBXBuildFile; fileRef = 03BB09452567F29B00063F69 /* LaunchScreen.storyboard */; };
		03BB09A9256D334C00063F69 /* Make_it_GreatTests.swift in Sources */ = {isa = PBXBuildFile; fileRef = 03BB09A8256D334C00063F69 /* Make_it_GreatTests.swift */; };
		03BB09D5256D802600063F69 /* MonitoringViewController.swift in Sources */ = {isa = PBXBuildFile; fileRef = 03BB09D4256D802600063F69 /* MonitoringViewController.swift */; };
		03BB09EB256D951700063F69 /* FormTemplateViewController.swift in Sources */ = {isa = PBXBuildFile; fileRef = 03BB09EA256D951700063F69 /* FormTemplateViewController.swift */; };
		03BB09F3256D9E1500063F69 /* UIColor.swift in Sources */ = {isa = PBXBuildFile; fileRef = 03BB09F2256D9E1500063F69 /* UIColor.swift */; };
		03BB09FB256DA16C00063F69 /* Brown-Bold.ttf in Resources */ = {isa = PBXBuildFile; fileRef = 03BB09FA256DA16C00063F69 /* Brown-Bold.ttf */; };
		03BB0A06256DA5C600063F69 /* UILabel.swift in Sources */ = {isa = PBXBuildFile; fileRef = 03BB0A05256DA5C600063F69 /* UILabel.swift */; };
		03BB0A26256DE64C00063F69 /* Assets.xcassets in Resources */ = {isa = PBXBuildFile; fileRef = 03BB0A25256DE64C00063F69 /* Assets.xcassets */; };
		03BB0A2A256DE6FD00063F69 /* CustomNavigationController.swift in Sources */ = {isa = PBXBuildFile; fileRef = 03BB0A29256DE6FD00063F69 /* CustomNavigationController.swift */; };
		03BB0A32256EDC0900063F69 /* CalendarView.swift in Sources */ = {isa = PBXBuildFile; fileRef = 03BB0A31256EDC0900063F69 /* CalendarView.swift */; };
		03BB0A3B256EE2B400063F69 /* JTAppleCalendar in Frameworks */ = {isa = PBXBuildFile; productRef = 03BB0A3A256EE2B400063F69 /* JTAppleCalendar */; };
		03BB0A40256EEAB000063F69 /* DateCell.swift in Sources */ = {isa = PBXBuildFile; fileRef = 03BB0A3F256EEAB000063F69 /* DateCell.swift */; };
		03BB0A4C256FDCA400063F69 /* StackWeekLabel.swift in Sources */ = {isa = PBXBuildFile; fileRef = 03BB0A4B256FDCA400063F69 /* StackWeekLabel.swift */; };
		03C0FF1225707C7B00E46B85 /* .gitkeep in Resources */ = {isa = PBXBuildFile; fileRef = 03C0FF1125707C7B00E46B85 /* .gitkeep */; };
		03C0FF1825707DC500E46B85 /* ViewPushViewControllerDelegate.swift in Sources */ = {isa = PBXBuildFile; fileRef = 03C0FF1725707DC500E46B85 /* ViewPushViewControllerDelegate.swift */; };
		03C5F0E5257E7175002AF6D3 /* InputNameOnboardingViewController.swift in Sources */ = {isa = PBXBuildFile; fileRef = 03C5F0E4257E7175002AF6D3 /* InputNameOnboardingViewController.swift */; };
		03C5F0ED257E76AF002AF6D3 /* UITextField.swift in Sources */ = {isa = PBXBuildFile; fileRef = 03C5F0EC257E76AF002AF6D3 /* UITextField.swift */; };
		03C5F0F7257E7F89002AF6D3 /* IntroductionOnboardingViewController.swift in Sources */ = {isa = PBXBuildFile; fileRef = 03C5F0F6257E7F89002AF6D3 /* IntroductionOnboardingViewController.swift */; };
		03FF00C6257E5F5800CF2A72 /* OnboardingTemplate.swift in Sources */ = {isa = PBXBuildFile; fileRef = 03FF00C5257E5F5800CF2A72 /* OnboardingTemplate.swift */; };
		1A18073625792169005B3309 /* InformationViewController.swift in Sources */ = {isa = PBXBuildFile; fileRef = 1A18073525792169005B3309 /* InformationViewController.swift */; };
		1AAB0FE8257917FB0095454E /* InformationView.swift in Sources */ = {isa = PBXBuildFile; fileRef = 1AAB0FE7257917FB0095454E /* InformationView.swift */; };
		6804E37B2575283B00000DDF /* UserConfig.xcdatamodeld in Sources */ = {isa = PBXBuildFile; fileRef = 6804E3792575283B00000DDF /* UserConfig.xcdatamodeld */; };
		6804E38C2575B07600000DDF /* CoreDataStack.swift in Sources */ = {isa = PBXBuildFile; fileRef = 6804E38B2575B07600000DDF /* CoreDataStack.swift */; };
		6804E3922575B19800000DDF /* UserModel.swift in Sources */ = {isa = PBXBuildFile; fileRef = 6804E3912575B19800000DDF /* UserModel.swift */; };
		682EE67625790FCD002EEB09 /* MonitoringPresenter.swift in Sources */ = {isa = PBXBuildFile; fileRef = 682EE67525790FCD002EEB09 /* MonitoringPresenter.swift */; };
		DE3B4F63256E84C0005FFD01 /* HumorViewController.swift in Sources */ = {isa = PBXBuildFile; fileRef = DE3B4F62256E84C0005FFD01 /* HumorViewController.swift */; };
		DE3B4F67256E88EA005FFD01 /* ChooseCard.swift in Sources */ = {isa = PBXBuildFile; fileRef = DE3B4F66256E88EA005FFD01 /* ChooseCard.swift */; };
		DE3B4F6B256E8E78005FFD01 /* HumorContent.swift in Sources */ = {isa = PBXBuildFile; fileRef = DE3B4F6A256E8E78005FFD01 /* HumorContent.swift */; };
		DE3B4F6F256E9F44005FFD01 /* ConsumptionViewController.swift in Sources */ = {isa = PBXBuildFile; fileRef = DE3B4F6E256E9F44005FFD01 /* ConsumptionViewController.swift */; };
		DE3B4F73256E9F73005FFD01 /* ConsumptionContent.swift in Sources */ = {isa = PBXBuildFile; fileRef = DE3B4F72256E9F73005FFD01 /* ConsumptionContent.swift */; };
		DE3B4F81256FE84C005FFD01 /* MonitoringStatus.swift in Sources */ = {isa = PBXBuildFile; fileRef = DE3B4F80256FE84C005FFD01 /* MonitoringStatus.swift */; };
		DE3B4F85256FEE41005FFD01 /* GoToForm.swift in Sources */ = {isa = PBXBuildFile; fileRef = DE3B4F84256FEE41005FFD01 /* GoToForm.swift */; };
		DEE24FB22577BC68009F755C /* NotificationManeger.swift in Sources */ = {isa = PBXBuildFile; fileRef = DEE24FB12577BC68009F755C /* NotificationManeger.swift */; };
/* End PBXBuildFile section */

/* Begin PBXContainerItemProxy section */
		03BB09AB256D334C00063F69 /* PBXContainerItemProxy */ = {
			isa = PBXContainerItemProxy;
			containerPortal = 03BB092C2567F29900063F69 /* Project object */;
			proxyType = 1;
			remoteGlobalIDString = 03BB09332567F29900063F69;
			remoteInfo = "Make it Great";
		};
/* End PBXContainerItemProxy section */

/* Begin PBXFileReference section */
		032292B225752CA9009B29A8 /* Date.swift */ = {isa = PBXFileReference; lastKnownFileType = sourcecode.swift; path = Date.swift; sourceTree = "<group>"; };
		03BB09342567F29900063F69 /* Make it Great.app */ = {isa = PBXFileReference; explicitFileType = wrapper.application; includeInIndex = 0; path = "Make it Great.app"; sourceTree = BUILT_PRODUCTS_DIR; };
		03BB09372567F29900063F69 /* AppDelegate.swift */ = {isa = PBXFileReference; lastKnownFileType = sourcecode.swift; path = AppDelegate.swift; sourceTree = "<group>"; };
		03BB09392567F29900063F69 /* SceneDelegate.swift */ = {isa = PBXFileReference; lastKnownFileType = sourcecode.swift; path = SceneDelegate.swift; sourceTree = "<group>"; };
		03BB09412567F29900063F69 /* Make_it_Great.xcdatamodel */ = {isa = PBXFileReference; lastKnownFileType = wrapper.xcdatamodel; path = Make_it_Great.xcdatamodel; sourceTree = "<group>"; };
		03BB09462567F29B00063F69 /* Base */ = {isa = PBXFileReference; lastKnownFileType = file.storyboard; name = Base; path = Base.lproj/LaunchScreen.storyboard; sourceTree = "<group>"; };
		03BB09482567F29B00063F69 /* Info.plist */ = {isa = PBXFileReference; lastKnownFileType = text.plist.xml; path = Info.plist; sourceTree = "<group>"; };
		03BB096D256C03A000063F69 /* .gitkeep */ = {isa = PBXFileReference; lastKnownFileType = text; path = .gitkeep; sourceTree = "<group>"; };
		03BB096E256C03A100063F69 /* .gitkeep */ = {isa = PBXFileReference; lastKnownFileType = text; path = .gitkeep; sourceTree = "<group>"; };
		03BB0970256C03A800063F69 /* .gitkeep */ = {isa = PBXFileReference; lastKnownFileType = text; path = .gitkeep; sourceTree = "<group>"; };
		03BB0971256C03A900063F69 /* .gitkeep */ = {isa = PBXFileReference; lastKnownFileType = text; path = .gitkeep; sourceTree = "<group>"; };
		03BB09A6256D334C00063F69 /* Make it GreatTests.xctest */ = {isa = PBXFileReference; explicitFileType = wrapper.cfbundle; includeInIndex = 0; path = "Make it GreatTests.xctest"; sourceTree = BUILT_PRODUCTS_DIR; };
		03BB09A8256D334C00063F69 /* Make_it_GreatTests.swift */ = {isa = PBXFileReference; lastKnownFileType = sourcecode.swift; path = Make_it_GreatTests.swift; sourceTree = "<group>"; };
		03BB09AA256D334C00063F69 /* Info.plist */ = {isa = PBXFileReference; lastKnownFileType = text.plist.xml; path = Info.plist; sourceTree = "<group>"; };
		03BB09D4256D802600063F69 /* MonitoringViewController.swift */ = {isa = PBXFileReference; lastKnownFileType = sourcecode.swift; path = MonitoringViewController.swift; sourceTree = "<group>"; };
		03BB09EA256D951700063F69 /* FormTemplateViewController.swift */ = {isa = PBXFileReference; lastKnownFileType = sourcecode.swift; path = FormTemplateViewController.swift; sourceTree = "<group>"; };
		03BB09F2256D9E1500063F69 /* UIColor.swift */ = {isa = PBXFileReference; lastKnownFileType = sourcecode.swift; path = UIColor.swift; sourceTree = "<group>"; };
		03BB09FA256DA16C00063F69 /* Brown-Bold.ttf */ = {isa = PBXFileReference; lastKnownFileType = file; path = "Brown-Bold.ttf"; sourceTree = "<group>"; };
		03BB0A05256DA5C600063F69 /* UILabel.swift */ = {isa = PBXFileReference; lastKnownFileType = sourcecode.swift; path = UILabel.swift; sourceTree = "<group>"; };
		03BB0A25256DE64C00063F69 /* Assets.xcassets */ = {isa = PBXFileReference; lastKnownFileType = folder.assetcatalog; path = Assets.xcassets; sourceTree = "<group>"; };
		03BB0A29256DE6FD00063F69 /* CustomNavigationController.swift */ = {isa = PBXFileReference; fileEncoding = 4; lastKnownFileType = sourcecode.swift; path = CustomNavigationController.swift; sourceTree = "<group>"; };
		03BB0A31256EDC0900063F69 /* CalendarView.swift */ = {isa = PBXFileReference; lastKnownFileType = sourcecode.swift; path = CalendarView.swift; sourceTree = "<group>"; };
		03BB0A3F256EEAB000063F69 /* DateCell.swift */ = {isa = PBXFileReference; lastKnownFileType = sourcecode.swift; path = DateCell.swift; sourceTree = "<group>"; };
		03BB0A4B256FDCA400063F69 /* StackWeekLabel.swift */ = {isa = PBXFileReference; lastKnownFileType = sourcecode.swift; path = StackWeekLabel.swift; sourceTree = "<group>"; };
		03C0FF1125707C7B00E46B85 /* .gitkeep */ = {isa = PBXFileReference; lastKnownFileType = text; path = .gitkeep; sourceTree = "<group>"; };
		03C0FF1725707DC500E46B85 /* ViewPushViewControllerDelegate.swift */ = {isa = PBXFileReference; lastKnownFileType = sourcecode.swift; path = ViewPushViewControllerDelegate.swift; sourceTree = "<group>"; };
		03C5F0E4257E7175002AF6D3 /* InputNameOnboardingViewController.swift */ = {isa = PBXFileReference; lastKnownFileType = sourcecode.swift; path = InputNameOnboardingViewController.swift; sourceTree = "<group>"; };
		03C5F0EC257E76AF002AF6D3 /* UITextField.swift */ = {isa = PBXFileReference; lastKnownFileType = sourcecode.swift; path = UITextField.swift; sourceTree = "<group>"; };
		03C5F0F6257E7F89002AF6D3 /* IntroductionOnboardingViewController.swift */ = {isa = PBXFileReference; lastKnownFileType = sourcecode.swift; path = IntroductionOnboardingViewController.swift; sourceTree = "<group>"; };
		03FF00C5257E5F5800CF2A72 /* OnboardingTemplate.swift */ = {isa = PBXFileReference; lastKnownFileType = sourcecode.swift; path = OnboardingTemplate.swift; sourceTree = "<group>"; };
		1A18073525792169005B3309 /* InformationViewController.swift */ = {isa = PBXFileReference; lastKnownFileType = sourcecode.swift; path = InformationViewController.swift; sourceTree = "<group>"; };
		1AAB0FE7257917FB0095454E /* InformationView.swift */ = {isa = PBXFileReference; lastKnownFileType = sourcecode.swift; path = InformationView.swift; sourceTree = "<group>"; };
		6804E37A2575283B00000DDF /* User.xcdatamodel */ = {isa = PBXFileReference; lastKnownFileType = wrapper.xcdatamodel; path = User.xcdatamodel; sourceTree = "<group>"; };
		6804E38B2575B07600000DDF /* CoreDataStack.swift */ = {isa = PBXFileReference; lastKnownFileType = sourcecode.swift; path = CoreDataStack.swift; sourceTree = "<group>"; };
		6804E3912575B19800000DDF /* UserModel.swift */ = {isa = PBXFileReference; lastKnownFileType = sourcecode.swift; path = UserModel.swift; sourceTree = "<group>"; };
		682EE67525790FCD002EEB09 /* MonitoringPresenter.swift */ = {isa = PBXFileReference; lastKnownFileType = sourcecode.swift; path = MonitoringPresenter.swift; sourceTree = "<group>"; };
		DE3B4F62256E84C0005FFD01 /* HumorViewController.swift */ = {isa = PBXFileReference; lastKnownFileType = sourcecode.swift; path = HumorViewController.swift; sourceTree = "<group>"; };
		DE3B4F66256E88EA005FFD01 /* ChooseCard.swift */ = {isa = PBXFileReference; lastKnownFileType = sourcecode.swift; path = ChooseCard.swift; sourceTree = "<group>"; };
		DE3B4F6A256E8E78005FFD01 /* HumorContent.swift */ = {isa = PBXFileReference; lastKnownFileType = sourcecode.swift; path = HumorContent.swift; sourceTree = "<group>"; };
		DE3B4F6E256E9F44005FFD01 /* ConsumptionViewController.swift */ = {isa = PBXFileReference; lastKnownFileType = sourcecode.swift; path = ConsumptionViewController.swift; sourceTree = "<group>"; };
		DE3B4F72256E9F73005FFD01 /* ConsumptionContent.swift */ = {isa = PBXFileReference; lastKnownFileType = sourcecode.swift; path = ConsumptionContent.swift; sourceTree = "<group>"; };
		DE3B4F80256FE84C005FFD01 /* MonitoringStatus.swift */ = {isa = PBXFileReference; lastKnownFileType = sourcecode.swift; path = MonitoringStatus.swift; sourceTree = "<group>"; };
		DE3B4F84256FEE41005FFD01 /* GoToForm.swift */ = {isa = PBXFileReference; lastKnownFileType = sourcecode.swift; path = GoToForm.swift; sourceTree = "<group>"; };
		DEE24FB12577BC68009F755C /* NotificationManeger.swift */ = {isa = PBXFileReference; lastKnownFileType = sourcecode.swift; path = NotificationManeger.swift; sourceTree = "<group>"; };
		DEE24FB72577C2F9009F755C /* Make it Great.entitlements */ = {isa = PBXFileReference; lastKnownFileType = text.plist.entitlements; path = "Make it Great.entitlements"; sourceTree = "<group>"; };
/* End PBXFileReference section */

/* Begin PBXFrameworksBuildPhase section */
		03BB09312567F29900063F69 /* Frameworks */ = {
			isa = PBXFrameworksBuildPhase;
			buildActionMask = 2147483647;
			files = (
				03BB0A3B256EE2B400063F69 /* JTAppleCalendar in Frameworks */,
			);
			runOnlyForDeploymentPostprocessing = 0;
		};
		03BB09A3256D334C00063F69 /* Frameworks */ = {
			isa = PBXFrameworksBuildPhase;
			buildActionMask = 2147483647;
			files = (
			);
			runOnlyForDeploymentPostprocessing = 0;
		};
/* End PBXFrameworksBuildPhase section */

/* Begin PBXGroup section */
		03BB092B2567F29900063F69 = {
			isa = PBXGroup;
			children = (
				03BB09362567F29900063F69 /* Make it Great */,
				03BB09A7256D334C00063F69 /* Make it GreatTests */,
				03BB09352567F29900063F69 /* Products */,
			);
			indentWidth = 4;
			sourceTree = "<group>";
			tabWidth = 4;
		};
		03BB09352567F29900063F69 /* Products */ = {
			isa = PBXGroup;
			children = (
				03BB09342567F29900063F69 /* Make it Great.app */,
				03BB09A6256D334C00063F69 /* Make it GreatTests.xctest */,
			);
			name = Products;
			sourceTree = "<group>";
		};
		03BB09362567F29900063F69 /* Make it Great */ = {
			isa = PBXGroup;
			children = (
				DEE24FB72577C2F9009F755C /* Make it Great.entitlements */,
				DEE24FB02577BC49009F755C /* Notification */,
				03C0FF1025707C6300E46B85 /* Protocols */,
				03BB095F256C016900063F69 /* Extensions */,
				03BB095E256C015B00063F69 /* Persistence */,
				03BB095D256C013E00063F69 /* View */,
				03BB095C256C013500063F69 /* Presenter */,
				03BB095B256C012B00063F69 /* Model */,
				03BB0A02256DA33900063F69 /* Fonts */,
				03BB09372567F29900063F69 /* AppDelegate.swift */,
				03BB09392567F29900063F69 /* SceneDelegate.swift */,
				03BB09452567F29B00063F69 /* LaunchScreen.storyboard */,
				03BB0A25256DE64C00063F69 /* Assets.xcassets */,
				03BB09482567F29B00063F69 /* Info.plist */,
				03BB09402567F29900063F69 /* Make_it_Great.xcdatamodeld */,
			);
			path = "Make it Great";
			sourceTree = "<group>";
		};
		03BB095B256C012B00063F69 /* Model */ = {
			isa = PBXGroup;
			children = (
				03BB0971256C03A900063F69 /* .gitkeep */,
			);
			path = Model;
			sourceTree = "<group>";
		};
		03BB095C256C013500063F69 /* Presenter */ = {
			isa = PBXGroup;
			children = (
				03BB0970256C03A800063F69 /* .gitkeep */,
				682EE67525790FCD002EEB09 /* MonitoringPresenter.swift */,
			);
			path = Presenter;
			sourceTree = "<group>";
		};
		03BB095D256C013E00063F69 /* View */ = {
			isa = PBXGroup;
			children = (
				03BB09D4256D802600063F69 /* MonitoringViewController.swift */,
				DE3B4F62256E84C0005FFD01 /* HumorViewController.swift */,
				DE3B4F6E256E9F44005FFD01 /* ConsumptionViewController.swift */,
				03C5F0E4257E7175002AF6D3 /* InputNameOnboardingViewController.swift */,
				03C5F0F6257E7F89002AF6D3 /* IntroductionOnboardingViewController.swift */,
				1A18073525792169005B3309 /* InformationViewController.swift */,
				03BB09E9256D94E900063F69 /* Templates */,
				03BB0962256C01BE00063F69 /* Components */,
			);
			path = View;
			sourceTree = "<group>";
		};
		03BB095E256C015B00063F69 /* Persistence */ = {
			isa = PBXGroup;
			children = (
				03BB096E256C03A100063F69 /* .gitkeep */,
				6804E3792575283B00000DDF /* UserConfig.xcdatamodeld */,
				6804E38B2575B07600000DDF /* CoreDataStack.swift */,
				6804E3912575B19800000DDF /* UserModel.swift */,
			);
			path = Persistence;
			sourceTree = "<group>";
		};
		03BB095F256C016900063F69 /* Extensions */ = {
			isa = PBXGroup;
			children = (
				03BB096D256C03A000063F69 /* .gitkeep */,
				03BB09F2256D9E1500063F69 /* UIColor.swift */,
				03BB0A05256DA5C600063F69 /* UILabel.swift */,
				032292B225752CA9009B29A8 /* Date.swift */,
				03C5F0EC257E76AF002AF6D3 /* UITextField.swift */,
			);
			path = Extensions;
			sourceTree = "<group>";
		};
		03BB0962256C01BE00063F69 /* Components */ = {
			isa = PBXGroup;
			children = (
				1AAB0FE7257917FB0095454E /* InformationView.swift */,
				03BB0A29256DE6FD00063F69 /* CustomNavigationController.swift */,
				03BB0A31256EDC0900063F69 /* CalendarView.swift */,
				03BB0A3F256EEAB000063F69 /* DateCell.swift */,
				DE3B4F80256FE84C005FFD01 /* MonitoringStatus.swift */,
				DE3B4F84256FEE41005FFD01 /* GoToForm.swift */,
				03BB0A4B256FDCA400063F69 /* StackWeekLabel.swift */,
				DE3B4F66256E88EA005FFD01 /* ChooseCard.swift */,
				DE3B4F6A256E8E78005FFD01 /* HumorContent.swift */,
				DE3B4F72256E9F73005FFD01 /* ConsumptionContent.swift */,
			);
			path = Components;
			sourceTree = "<group>";
		};
		03BB09A7256D334C00063F69 /* Make it GreatTests */ = {
			isa = PBXGroup;
			children = (
				03BB09A8256D334C00063F69 /* Make_it_GreatTests.swift */,
				03BB09AA256D334C00063F69 /* Info.plist */,
			);
			path = "Make it GreatTests";
			sourceTree = "<group>";
		};
		03BB09E9256D94E900063F69 /* Templates */ = {
			isa = PBXGroup;
			children = (
				03BB09EA256D951700063F69 /* FormTemplateViewController.swift */,
				03FF00C5257E5F5800CF2A72 /* OnboardingTemplate.swift */,
			);
			path = Templates;
			sourceTree = "<group>";
		};
		03BB0A02256DA33900063F69 /* Fonts */ = {
			isa = PBXGroup;
			children = (
				03BB09FA256DA16C00063F69 /* Brown-Bold.ttf */,
			);
			path = Fonts;
			sourceTree = "<group>";
		};
		03C0FF1025707C6300E46B85 /* Protocols */ = {
			isa = PBXGroup;
			children = (
				03C0FF1125707C7B00E46B85 /* .gitkeep */,
				03C0FF1725707DC500E46B85 /* ViewPushViewControllerDelegate.swift */,
			);
			path = Protocols;
			sourceTree = "<group>";
		};
		DEE24FB02577BC49009F755C /* Notification */ = {
			isa = PBXGroup;
			children = (
				DEE24FB12577BC68009F755C /* NotificationManeger.swift */,
			);
			path = Notification;
			sourceTree = "<group>";
		};
/* End PBXGroup section */

/* Begin PBXNativeTarget section */
		03BB09332567F29900063F69 /* Make it Great */ = {
			isa = PBXNativeTarget;
			buildConfigurationList = 03BB094B2567F29B00063F69 /* Build configuration list for PBXNativeTarget "Make it Great" */;
			buildPhases = (
				03BB09302567F29900063F69 /* Sources */,
				03BB09312567F29900063F69 /* Frameworks */,
				03BB09322567F29900063F69 /* Resources */,
				03BB09542567F8EA00063F69 /* Swift lint */,
				03BB09572567FCEB00063F69 /* ShellScript */,
			);
			buildRules = (
			);
			dependencies = (
			);
			name = "Make it Great";
			packageProductDependencies = (
				03BB0A3A256EE2B400063F69 /* JTAppleCalendar */,
			);
			productName = "Make it Great";
			productReference = 03BB09342567F29900063F69 /* Make it Great.app */;
			productType = "com.apple.product-type.application";
		};
		03BB09A5256D334C00063F69 /* Make it GreatTests */ = {
			isa = PBXNativeTarget;
			buildConfigurationList = 03BB09AD256D334C00063F69 /* Build configuration list for PBXNativeTarget "Make it GreatTests" */;
			buildPhases = (
				03BB09A2256D334C00063F69 /* Sources */,
				03BB09A3256D334C00063F69 /* Frameworks */,
				03BB09A4256D334C00063F69 /* Resources */,
			);
			buildRules = (
			);
			dependencies = (
				03BB09AC256D334C00063F69 /* PBXTargetDependency */,
			);
			name = "Make it GreatTests";
			productName = "Make it GreatTests";
			productReference = 03BB09A6256D334C00063F69 /* Make it GreatTests.xctest */;
			productType = "com.apple.product-type.bundle.unit-test";
		};
/* End PBXNativeTarget section */

/* Begin PBXProject section */
		03BB092C2567F29900063F69 /* Project object */ = {
			isa = PBXProject;
			attributes = {
				LastSwiftUpdateCheck = 1220;
				LastUpgradeCheck = 1220;
				TargetAttributes = {
					03BB09332567F29900063F69 = {
						CreatedOnToolsVersion = 12.2;
					};
					03BB09A5256D334C00063F69 = {
						CreatedOnToolsVersion = 12.2;
						TestTargetID = 03BB09332567F29900063F69;
					};
				};
			};
			buildConfigurationList = 03BB092F2567F29900063F69 /* Build configuration list for PBXProject "Make it Great" */;
			compatibilityVersion = "Xcode 9.3";
			developmentRegion = en;
			hasScannedForEncodings = 0;
			knownRegions = (
				en,
				Base,
			);
			mainGroup = 03BB092B2567F29900063F69;
			packageReferences = (
				03BB0A39256EE2B400063F69 /* XCRemoteSwiftPackageReference "JTAppleCalendar" */,
			);
			productRefGroup = 03BB09352567F29900063F69 /* Products */;
			projectDirPath = "";
			projectRoot = "";
			targets = (
				03BB09332567F29900063F69 /* Make it Great */,
				03BB09A5256D334C00063F69 /* Make it GreatTests */,
			);
		};
/* End PBXProject section */

/* Begin PBXResourcesBuildPhase section */
		03BB09322567F29900063F69 /* Resources */ = {
			isa = PBXResourcesBuildPhase;
			buildActionMask = 2147483647;
			files = (
				03BB09472567F29B00063F69 /* LaunchScreen.storyboard in Resources */,
				03BB0A26256DE64C00063F69 /* Assets.xcassets in Resources */,
				03BB09FB256DA16C00063F69 /* Brown-Bold.ttf in Resources */,
				03C0FF1225707C7B00E46B85 /* .gitkeep in Resources */,
			);
			runOnlyForDeploymentPostprocessing = 0;
		};
		03BB09A4256D334C00063F69 /* Resources */ = {
			isa = PBXResourcesBuildPhase;
			buildActionMask = 2147483647;
			files = (
			);
			runOnlyForDeploymentPostprocessing = 0;
		};
/* End PBXResourcesBuildPhase section */

/* Begin PBXShellScriptBuildPhase section */
		03BB09542567F8EA00063F69 /* Swift lint */ = {
			isa = PBXShellScriptBuildPhase;
			buildActionMask = 2147483647;
			files = (
			);
			inputFileListPaths = (
			);
			inputPaths = (
			);
			name = "Swift lint";
			outputFileListPaths = (
			);
			outputPaths = (
			);
			runOnlyForDeploymentPostprocessing = 0;
			shellPath = /bin/sh;
			shellScript = "# Type a script or drag a script file from your workspace to insert its path.\nif [ \"${CONFIGURATION}\" = \"Debug\" ]; then\nif which swiftlint >/dev/null; then\nswiftlint --config \"$SRCROOT/.swiftlint.yml\"\nelse\necho \"warning: SwiftLint not installed, download from https://github.com/realm/SwiftLint\"\nfi\nfi\n";
		};
		03BB09572567FCEB00063F69 /* ShellScript */ = {
			isa = PBXShellScriptBuildPhase;
			buildActionMask = 2147483647;
			files = (
			);
			inputFileListPaths = (
			);
			inputPaths = (
			);
			outputFileListPaths = (
			);
			outputPaths = (
			);
			runOnlyForDeploymentPostprocessing = 0;
			shellPath = /bin/sh;
			shellScript = "# Type a script or drag a script file from your workspace to insert its path.\n#!/bin/bash\n\nset -e\n\ndefaults write com.apple.dt.Xcode DVTTextEditorTrimTrailingWhitespace -bool YES\ndefaults write com.apple.dt.Xcode DVTTextEditorTrimWhitespaceOnlyLines -bool YES\n\ndefaults write com.apple.dt.Xcode DVTTextIndentTabWidth -int 2\ndefaults write com.apple.dt.Xcode DVTTextIndentWidth -int 2\n\ndefaults write com.apple.dt.Xcode DVTTextPageGuideLocation -int 100\n";
		};
/* End PBXShellScriptBuildPhase section */

/* Begin PBXSourcesBuildPhase section */
		03BB09302567F29900063F69 /* Sources */ = {
			isa = PBXSourcesBuildPhase;
			buildActionMask = 2147483647;
			files = (
				03BB0A4C256FDCA400063F69 /* StackWeekLabel.swift in Sources */,
				03BB0A32256EDC0900063F69 /* CalendarView.swift in Sources */,
				03BB0A40256EEAB000063F69 /* DateCell.swift in Sources */,
				03BB09382567F29900063F69 /* AppDelegate.swift in Sources */,
				6804E37B2575283B00000DDF /* UserConfig.xcdatamodeld in Sources */,
				03BB0A06256DA5C600063F69 /* UILabel.swift in Sources */,
				03BB09EB256D951700063F69 /* FormTemplateViewController.swift in Sources */,
				DE3B4F67256E88EA005FFD01 /* ChooseCard.swift in Sources */,
				DE3B4F6F256E9F44005FFD01 /* ConsumptionViewController.swift in Sources */,
				1AAB0FE8257917FB0095454E /* InformationView.swift in Sources */,
				DE3B4F73256E9F73005FFD01 /* ConsumptionContent.swift in Sources */,
				6804E3922575B19800000DDF /* UserModel.swift in Sources */,
				03BB09F3256D9E1500063F69 /* UIColor.swift in Sources */,
				DEE24FB22577BC68009F755C /* NotificationManeger.swift in Sources */,
				03BB09422567F29900063F69 /* Make_it_Great.xcdatamodeld in Sources */,
				032292B325752CA9009B29A8 /* Date.swift in Sources */,
				03BB09D5256D802600063F69 /* MonitoringViewController.swift in Sources */,
				DE3B4F81256FE84C005FFD01 /* MonitoringStatus.swift in Sources */,
				DE3B4F85256FEE41005FFD01 /* GoToForm.swift in Sources */,
				03BB093A2567F29900063F69 /* SceneDelegate.swift in Sources */,
				03C5F0F7257E7F89002AF6D3 /* IntroductionOnboardingViewController.swift in Sources */,
				682EE67625790FCD002EEB09 /* MonitoringPresenter.swift in Sources */,
				1A18073625792169005B3309 /* InformationViewController.swift in Sources */,
				DE3B4F6B256E8E78005FFD01 /* HumorContent.swift in Sources */,
				6804E38C2575B07600000DDF /* CoreDataStack.swift in Sources */,
				03C5F0E5257E7175002AF6D3 /* InputNameOnboardingViewController.swift in Sources */,
				03C5F0ED257E76AF002AF6D3 /* UITextField.swift in Sources */,
				DE3B4F63256E84C0005FFD01 /* HumorViewController.swift in Sources */,
				03C0FF1825707DC500E46B85 /* ViewPushViewControllerDelegate.swift in Sources */,
				03FF00C6257E5F5800CF2A72 /* OnboardingTemplate.swift in Sources */,
				03BB0A2A256DE6FD00063F69 /* CustomNavigationController.swift in Sources */,
			);
			runOnlyForDeploymentPostprocessing = 0;
		};
		03BB09A2256D334C00063F69 /* Sources */ = {
			isa = PBXSourcesBuildPhase;
			buildActionMask = 2147483647;
			files = (
				03BB09A9256D334C00063F69 /* Make_it_GreatTests.swift in Sources */,
			);
			runOnlyForDeploymentPostprocessing = 0;
		};
/* End PBXSourcesBuildPhase section */

/* Begin PBXTargetDependency section */
		03BB09AC256D334C00063F69 /* PBXTargetDependency */ = {
			isa = PBXTargetDependency;
			target = 03BB09332567F29900063F69 /* Make it Great */;
			targetProxy = 03BB09AB256D334C00063F69 /* PBXContainerItemProxy */;
		};
/* End PBXTargetDependency section */

/* Begin PBXVariantGroup section */
		03BB09452567F29B00063F69 /* LaunchScreen.storyboard */ = {
			isa = PBXVariantGroup;
			children = (
				03BB09462567F29B00063F69 /* Base */,
			);
			name = LaunchScreen.storyboard;
			sourceTree = "<group>";
		};
/* End PBXVariantGroup section */

/* Begin XCBuildConfiguration section */
		03BB09492567F29B00063F69 /* Debug */ = {
			isa = XCBuildConfiguration;
			buildSettings = {
				ALWAYS_SEARCH_USER_PATHS = NO;
				CLANG_ANALYZER_NONNULL = YES;
				CLANG_ANALYZER_NUMBER_OBJECT_CONVERSION = YES_AGGRESSIVE;
				CLANG_CXX_LANGUAGE_STANDARD = "gnu++14";
				CLANG_CXX_LIBRARY = "libc++";
				CLANG_ENABLE_MODULES = YES;
				CLANG_ENABLE_OBJC_ARC = YES;
				CLANG_ENABLE_OBJC_WEAK = YES;
				CLANG_WARN_BLOCK_CAPTURE_AUTORELEASING = YES;
				CLANG_WARN_BOOL_CONVERSION = YES;
				CLANG_WARN_COMMA = YES;
				CLANG_WARN_CONSTANT_CONVERSION = YES;
				CLANG_WARN_DEPRECATED_OBJC_IMPLEMENTATIONS = YES;
				CLANG_WARN_DIRECT_OBJC_ISA_USAGE = YES_ERROR;
				CLANG_WARN_DOCUMENTATION_COMMENTS = YES;
				CLANG_WARN_EMPTY_BODY = YES;
				CLANG_WARN_ENUM_CONVERSION = YES;
				CLANG_WARN_INFINITE_RECURSION = YES;
				CLANG_WARN_INT_CONVERSION = YES;
				CLANG_WARN_NON_LITERAL_NULL_CONVERSION = YES;
				CLANG_WARN_OBJC_IMPLICIT_RETAIN_SELF = YES;
				CLANG_WARN_OBJC_LITERAL_CONVERSION = YES;
				CLANG_WARN_OBJC_ROOT_CLASS = YES_ERROR;
				CLANG_WARN_QUOTED_INCLUDE_IN_FRAMEWORK_HEADER = YES;
				CLANG_WARN_RANGE_LOOP_ANALYSIS = YES;
				CLANG_WARN_STRICT_PROTOTYPES = YES;
				CLANG_WARN_SUSPICIOUS_MOVE = YES;
				CLANG_WARN_UNGUARDED_AVAILABILITY = YES_AGGRESSIVE;
				CLANG_WARN_UNREACHABLE_CODE = YES;
				CLANG_WARN__DUPLICATE_METHOD_MATCH = YES;
				COPY_PHASE_STRIP = NO;
				DEBUG_INFORMATION_FORMAT = dwarf;
				ENABLE_STRICT_OBJC_MSGSEND = YES;
				ENABLE_TESTABILITY = YES;
				GCC_C_LANGUAGE_STANDARD = gnu11;
				GCC_DYNAMIC_NO_PIC = NO;
				GCC_NO_COMMON_BLOCKS = YES;
				GCC_OPTIMIZATION_LEVEL = 0;
				GCC_PREPROCESSOR_DEFINITIONS = (
					"DEBUG=1",
					"$(inherited)",
				);
				GCC_WARN_64_TO_32_BIT_CONVERSION = YES;
				GCC_WARN_ABOUT_RETURN_TYPE = YES_ERROR;
				GCC_WARN_UNDECLARED_SELECTOR = YES;
				GCC_WARN_UNINITIALIZED_AUTOS = YES_AGGRESSIVE;
				GCC_WARN_UNUSED_FUNCTION = YES;
				GCC_WARN_UNUSED_VARIABLE = YES;
				IPHONEOS_DEPLOYMENT_TARGET = 14.0;
				MTL_ENABLE_DEBUG_INFO = INCLUDE_SOURCE;
				MTL_FAST_MATH = YES;
				ONLY_ACTIVE_ARCH = YES;
				SDKROOT = iphoneos;
				SWIFT_ACTIVE_COMPILATION_CONDITIONS = DEBUG;
				SWIFT_OPTIMIZATION_LEVEL = "-Onone";
			};
			name = Debug;
		};
		03BB094A2567F29B00063F69 /* Release */ = {
			isa = XCBuildConfiguration;
			buildSettings = {
				ALWAYS_SEARCH_USER_PATHS = NO;
				CLANG_ANALYZER_NONNULL = YES;
				CLANG_ANALYZER_NUMBER_OBJECT_CONVERSION = YES_AGGRESSIVE;
				CLANG_CXX_LANGUAGE_STANDARD = "gnu++14";
				CLANG_CXX_LIBRARY = "libc++";
				CLANG_ENABLE_MODULES = YES;
				CLANG_ENABLE_OBJC_ARC = YES;
				CLANG_ENABLE_OBJC_WEAK = YES;
				CLANG_WARN_BLOCK_CAPTURE_AUTORELEASING = YES;
				CLANG_WARN_BOOL_CONVERSION = YES;
				CLANG_WARN_COMMA = YES;
				CLANG_WARN_CONSTANT_CONVERSION = YES;
				CLANG_WARN_DEPRECATED_OBJC_IMPLEMENTATIONS = YES;
				CLANG_WARN_DIRECT_OBJC_ISA_USAGE = YES_ERROR;
				CLANG_WARN_DOCUMENTATION_COMMENTS = YES;
				CLANG_WARN_EMPTY_BODY = YES;
				CLANG_WARN_ENUM_CONVERSION = YES;
				CLANG_WARN_INFINITE_RECURSION = YES;
				CLANG_WARN_INT_CONVERSION = YES;
				CLANG_WARN_NON_LITERAL_NULL_CONVERSION = YES;
				CLANG_WARN_OBJC_IMPLICIT_RETAIN_SELF = YES;
				CLANG_WARN_OBJC_LITERAL_CONVERSION = YES;
				CLANG_WARN_OBJC_ROOT_CLASS = YES_ERROR;
				CLANG_WARN_QUOTED_INCLUDE_IN_FRAMEWORK_HEADER = YES;
				CLANG_WARN_RANGE_LOOP_ANALYSIS = YES;
				CLANG_WARN_STRICT_PROTOTYPES = YES;
				CLANG_WARN_SUSPICIOUS_MOVE = YES;
				CLANG_WARN_UNGUARDED_AVAILABILITY = YES_AGGRESSIVE;
				CLANG_WARN_UNREACHABLE_CODE = YES;
				CLANG_WARN__DUPLICATE_METHOD_MATCH = YES;
				COPY_PHASE_STRIP = NO;
				DEBUG_INFORMATION_FORMAT = "dwarf-with-dsym";
				ENABLE_NS_ASSERTIONS = NO;
				ENABLE_STRICT_OBJC_MSGSEND = YES;
				GCC_C_LANGUAGE_STANDARD = gnu11;
				GCC_NO_COMMON_BLOCKS = YES;
				GCC_WARN_64_TO_32_BIT_CONVERSION = YES;
				GCC_WARN_ABOUT_RETURN_TYPE = YES_ERROR;
				GCC_WARN_UNDECLARED_SELECTOR = YES;
				GCC_WARN_UNINITIALIZED_AUTOS = YES_AGGRESSIVE;
				GCC_WARN_UNUSED_FUNCTION = YES;
				GCC_WARN_UNUSED_VARIABLE = YES;
				IPHONEOS_DEPLOYMENT_TARGET = 14.0;
				MTL_ENABLE_DEBUG_INFO = NO;
				MTL_FAST_MATH = YES;
				SDKROOT = iphoneos;
				SWIFT_COMPILATION_MODE = wholemodule;
				SWIFT_OPTIMIZATION_LEVEL = "-O";
				VALIDATE_PRODUCT = YES;
			};
			name = Release;
		};
		03BB094C2567F29B00063F69 /* Debug */ = {
			isa = XCBuildConfiguration;
			buildSettings = {
				ASSETCATALOG_COMPILER_APPICON_NAME = AppIcon;
				ASSETCATALOG_COMPILER_GLOBAL_ACCENT_COLOR_NAME = AccentColor;
				CODE_SIGN_ENTITLEMENTS = "Make it Great/Make it Great.entitlements";
				CODE_SIGN_STYLE = Automatic;
				DEVELOPMENT_TEAM = VV557L4WY2;
				INFOPLIST_FILE = "Make it Great/Info.plist";
				IPHONEOS_DEPLOYMENT_TARGET = 14.0;
				LD_RUNPATH_SEARCH_PATHS = (
					"$(inherited)",
					"@executable_path/Frameworks",
				);
				MARKETING_VERSION = 1.1;
				PRODUCT_BUNDLE_IDENTIFIER = "Apple-academy.Make-it-Great";
				PRODUCT_NAME = "$(TARGET_NAME)";
				SWIFT_VERSION = 5.0;
				TARGETED_DEVICE_FAMILY = 1;
			};
			name = Debug;
		};
		03BB094D2567F29B00063F69 /* Release */ = {
			isa = XCBuildConfiguration;
			buildSettings = {
				ASSETCATALOG_COMPILER_APPICON_NAME = AppIcon;
				ASSETCATALOG_COMPILER_GLOBAL_ACCENT_COLOR_NAME = AccentColor;
				CODE_SIGN_ENTITLEMENTS = "Make it Great/Make it Great.entitlements";
				CODE_SIGN_STYLE = Automatic;
				DEVELOPMENT_TEAM = VV557L4WY2;
				INFOPLIST_FILE = "Make it Great/Info.plist";
				IPHONEOS_DEPLOYMENT_TARGET = 14.0;
				LD_RUNPATH_SEARCH_PATHS = (
					"$(inherited)",
					"@executable_path/Frameworks",
				);
				MARKETING_VERSION = 1.1;
				PRODUCT_BUNDLE_IDENTIFIER = "Apple-academy.Make-it-Great";
				PRODUCT_NAME = "$(TARGET_NAME)";
				SWIFT_VERSION = 5.0;
				TARGETED_DEVICE_FAMILY = 1;
			};
			name = Release;
		};
		03BB09AE256D334C00063F69 /* Debug */ = {
			isa = XCBuildConfiguration;
			buildSettings = {
				BUNDLE_LOADER = "$(TEST_HOST)";
				CODE_SIGN_STYLE = Automatic;
				DEVELOPMENT_TEAM = 62NRBAKMQ3;
				INFOPLIST_FILE = "Make it GreatTests/Info.plist";
				LD_RUNPATH_SEARCH_PATHS = (
					"$(inherited)",
					"@executable_path/Frameworks",
					"@loader_path/Frameworks",
				);
				PRODUCT_BUNDLE_IDENTIFIER = "Apple-academy.Make-it-GreatTests";
				PRODUCT_NAME = "$(TARGET_NAME)";
				SWIFT_VERSION = 5.0;
				TARGETED_DEVICE_FAMILY = "1,2";
				TEST_HOST = "$(BUILT_PRODUCTS_DIR)/Make it Great.app/Make it Great";
			};
			name = Debug;
		};
		03BB09AF256D334C00063F69 /* Release */ = {
			isa = XCBuildConfiguration;
			buildSettings = {
				BUNDLE_LOADER = "$(TEST_HOST)";
				CODE_SIGN_STYLE = Automatic;
				DEVELOPMENT_TEAM = 62NRBAKMQ3;
				INFOPLIST_FILE = "Make it GreatTests/Info.plist";
				LD_RUNPATH_SEARCH_PATHS = (
					"$(inherited)",
					"@executable_path/Frameworks",
					"@loader_path/Frameworks",
				);
				PRODUCT_BUNDLE_IDENTIFIER = "Apple-academy.Make-it-GreatTests";
				PRODUCT_NAME = "$(TARGET_NAME)";
				SWIFT_VERSION = 5.0;
				TARGETED_DEVICE_FAMILY = "1,2";
				TEST_HOST = "$(BUILT_PRODUCTS_DIR)/Make it Great.app/Make it Great";
			};
			name = Release;
		};
/* End XCBuildConfiguration section */

/* Begin XCConfigurationList section */
		03BB092F2567F29900063F69 /* Build configuration list for PBXProject "Make it Great" */ = {
			isa = XCConfigurationList;
			buildConfigurations = (
				03BB09492567F29B00063F69 /* Debug */,
				03BB094A2567F29B00063F69 /* Release */,
			);
			defaultConfigurationIsVisible = 0;
			defaultConfigurationName = Release;
		};
		03BB094B2567F29B00063F69 /* Build configuration list for PBXNativeTarget "Make it Great" */ = {
			isa = XCConfigurationList;
			buildConfigurations = (
				03BB094C2567F29B00063F69 /* Debug */,
				03BB094D2567F29B00063F69 /* Release */,
			);
			defaultConfigurationIsVisible = 0;
			defaultConfigurationName = Release;
		};
		03BB09AD256D334C00063F69 /* Build configuration list for PBXNativeTarget "Make it GreatTests" */ = {
			isa = XCConfigurationList;
			buildConfigurations = (
				03BB09AE256D334C00063F69 /* Debug */,
				03BB09AF256D334C00063F69 /* Release */,
			);
			defaultConfigurationIsVisible = 0;
			defaultConfigurationName = Release;
		};
/* End XCConfigurationList section */

/* Begin XCRemoteSwiftPackageReference section */
		03BB0A39256EE2B400063F69 /* XCRemoteSwiftPackageReference "JTAppleCalendar" */ = {
			isa = XCRemoteSwiftPackageReference;
			repositoryURL = "https://github.com/patchthecode/JTAppleCalendar";
			requirement = {
				kind = upToNextMajorVersion;
				minimumVersion = 8.0.3;
			};
		};
/* End XCRemoteSwiftPackageReference section */

/* Begin XCSwiftPackageProductDependency section */
		03BB0A3A256EE2B400063F69 /* JTAppleCalendar */ = {
			isa = XCSwiftPackageProductDependency;
			package = 03BB0A39256EE2B400063F69 /* XCRemoteSwiftPackageReference "JTAppleCalendar" */;
			productName = JTAppleCalendar;
		};
/* End XCSwiftPackageProductDependency section */

/* Begin XCVersionGroup section */
		03BB09402567F29900063F69 /* Make_it_Great.xcdatamodeld */ = {
			isa = XCVersionGroup;
			children = (
				03BB09412567F29900063F69 /* Make_it_Great.xcdatamodel */,
			);
			currentVersion = 03BB09412567F29900063F69 /* Make_it_Great.xcdatamodel */;
			path = Make_it_Great.xcdatamodeld;
			sourceTree = "<group>";
			versionGroupType = wrapper.xcdatamodel;
		};
		6804E3792575283B00000DDF /* UserConfig.xcdatamodeld */ = {
			isa = XCVersionGroup;
			children = (
				6804E37A2575283B00000DDF /* User.xcdatamodel */,
			);
			currentVersion = 6804E37A2575283B00000DDF /* User.xcdatamodel */;
			path = UserConfig.xcdatamodeld;
			sourceTree = "<group>";
			versionGroupType = wrapper.xcdatamodel;
		};
/* End XCVersionGroup section */
	};
	rootObject = 03BB092C2567F29900063F69 /* Project object */;
}
